
Microsoft Visual Studio Solution File, Format Version 12.00
Project("{F2A71F9B-5D33-465A-A702-920D77279786}") = "Ejercicio3", "Ejercicio3\Ejercicio3.fsproj", "{FFA97D9E-996C-4EBB-8D35-598B69BF2DD9}"
EndProject
Global
	GlobalSection(SolutionConfigurationPlatforms) = preSolution
		Debug|Any CPU = Debug|Any CPU
		Release|Any CPU = Release|Any CPU
	EndGlobalSection
	GlobalSection(ProjectConfigurationPlatforms) = postSolution
		{FFA97D9E-996C-4EBB-8D35-598B69BF2DD9}.Debug|Any CPU.ActiveCfg = Debug|Any CPU
		{FFA97D9E-996C-4EBB-8D35-598B69BF2DD9}.Debug|Any CPU.Build.0 = Debug|Any CPU
		{FFA97D9E-996C-4EBB-8D35-598B69BF2DD9}.Release|Any CPU.ActiveCfg = Release|Any CPU
		{FFA97D9E-996C-4EBB-8D35-598B69BF2DD9}.Release|Any CPU.Build.0 = Release|Any CPU
	EndGlobalSection
EndGlobal
